{
  "version": 4,
  "terraform_version": "1.7.2",
  "serial": 384,
  "lineage": "4def77e6-0ab1-d8dd-9886-4e6f747f5347",
  "outputs": {},
  "resources": [
    {
      "mode": "data",
      "type": "template_file",
      "name": "user_data_rocky",
      "provider": "provider[\"registry.opentofu.org/hashicorp/template\"]",
      "instances": [
        {
          "schema_version": 0,
          "attributes": {
            "filename": null,
            "id": "8907f0aa407c26f942c65368ebdfd2032b1da736a7ce7d26a31512558e6c5353",
            "rendered": "#cloud-config\nusers:\n  - name: admin\n    sudo: ['ALL=(ALL) NOPASSWD:ALL']\n    groups: sudo\n    home: /home/admin\n    shell: /bin/bash\n    ssh-authorized-keys:\n      - ssh-ed25519 AAAAC3NzaC1lZDI1NTE5AAAAIG9XZCAQYuV1Ux5s1NPCTsgIfW0t7ZUqb/6KYJklek3o quentin.sirjean@le-campus-numerique.fr\n    ",
            "template": "#cloud-config\nusers:\n  - name: admin\n    sudo: ['ALL=(ALL) NOPASSWD:ALL']\n    groups: sudo\n    home: /home/admin\n    shell: /bin/bash\n    ssh-authorized-keys:\n      - ssh-ed25519 AAAAC3NzaC1lZDI1NTE5AAAAIG9XZCAQYuV1Ux5s1NPCTsgIfW0t7ZUqb/6KYJklek3o quentin.sirjean@le-campus-numerique.fr\n    ",
            "vars": null
          },
          "sensitive_attributes": []
        }
      ]
    },
    {
      "mode": "data",
      "type": "template_file",
      "name": "user_data_ubuntu",
      "provider": "provider[\"registry.opentofu.org/hashicorp/template\"]",
      "instances": [
        {
          "schema_version": 0,
          "attributes": {
            "filename": null,
            "id": "cd521f494c7b49d2d994fe521ebda8b0c9e3622997b79fe65ee356781384c7d5",
            "rendered": "#cloud-config\nhostname: change\nusers:\n  - name: ubuntu\n    sudo: ['ALL=(ALL) NOPASSWD:ALL']\n    groups: sudo\n    home: /home/ubuntu\n    shell: /bin/bash\n    ssh-authorized-keys:\n      - ssh-ed25519 AAAAC3NzaC1lZDI1NTE5AAAAIG9XZCAQYuV1Ux5s1NPCTsgIfW0t7ZUqb/6KYJklek3o quentin.sirjean@le-campus-numerique.fr\n    ",
            "template": "#cloud-config\nhostname: change\nusers:\n  - name: ubuntu\n    sudo: ['ALL=(ALL) NOPASSWD:ALL']\n    groups: sudo\n    home: /home/ubuntu\n    shell: /bin/bash\n    ssh-authorized-keys:\n      - ssh-ed25519 AAAAC3NzaC1lZDI1NTE5AAAAIG9XZCAQYuV1Ux5s1NPCTsgIfW0t7ZUqb/6KYJklek3o quentin.sirjean@le-campus-numerique.fr\n    ",
            "vars": null
          },
          "sensitive_attributes": []
        }
      ]
    },
    {
      "mode": "managed",
      "type": "docker_container",
      "name": "mysql",
      "provider": "provider[\"registry.opentofu.org/kreuzwerker/docker\"]",
      "instances": [
        {
          "schema_version": 2,
          "attributes": {
            "attach": false,
            "bridge": "",
            "capabilities": [],
            "cgroupns_mode": null,
            "command": [
              "mysqld"
            ],
            "container_logs": null,
            "container_read_refresh_timeout_milliseconds": 15000,
            "cpu_set": "",
            "cpu_shares": 0,
            "destroy_grace_seconds": null,
            "devices": [],
            "dns": null,
            "dns_opts": null,
            "dns_search": null,
            "domainname": "",
            "entrypoint": [
              "docker-entrypoint.sh"
            ],
            "env": [
              "MYSQL_DATABASE=zabbix",
              "MYSQL_PASSWORD=zabbix",
              "MYSQL_ROOT_PASSWORD=root_password",
              "MYSQL_USER=zabbix"
            ],
            "exit_code": null,
            "gpus": null,
            "group_add": null,
            "healthcheck": null,
            "host": [],
            "hostname": "ce39fb6c108e",
            "id": "ce39fb6c108eb33f0de2515443fbacf7421d5af545928c1401cd7db75aec3ca2",
            "image": "sha256:dbaea59d1b4194257138a6434ec0820a13097dd7e900135e78daf9759fe2407a",
            "init": false,
            "ipc_mode": "private",
            "labels": [],
            "log_driver": "json-file",
            "log_opts": null,
            "logs": false,
            "max_retry_count": 0,
            "memory": 0,
            "memory_swap": 0,
            "mounts": [],
            "must_run": true,
            "name": "mysql_container",
            "network_data": [
              {
                "gateway": "192.168.10.1",
                "global_ipv6_address": "",
                "global_ipv6_prefix_length": 0,
                "ip_address": "192.168.10.10",
                "ip_prefix_length": 24,
                "ipv6_gateway": "",
                "mac_address": "02:42:c0:a8:0a:0a",
                "network_name": "custom_network"
              }
            ],
            "network_mode": "default",
            "networks_advanced": [
              {
                "aliases": [],
                "ipv4_address": "192.168.10.10",
                "ipv6_address": "",
                "name": "custom_network"
              }
            ],
            "pid_mode": "",
            "ports": [
              {
                "external": 3306,
                "internal": 3306,
                "ip": "0.0.0.0",
                "protocol": "tcp"
              }
            ],
            "privileged": false,
            "publish_all_ports": false,
            "read_only": false,
            "remove_volumes": true,
            "restart": "no",
            "rm": false,
            "runtime": "runc",
            "security_opts": [],
            "shm_size": 64,
            "start": true,
            "stdin_open": false,
            "stop_signal": "",
            "stop_timeout": 0,
            "storage_opts": null,
            "sysctls": null,
            "tmpfs": null,
            "tty": false,
            "ulimit": [],
            "upload": [],
            "user": "",
            "userns_mode": "",
            "volumes": [],
            "wait": false,
            "wait_timeout": 60,
            "working_dir": ""
          },
          "sensitive_attributes": [],
          "private": "eyJzY2hlbWFfdmVyc2lvbiI6IjIifQ==",
          "dependencies": [
            "docker_image.mysql",
            "docker_network.custom_network"
          ]
        }
      ]
    },
    {
      "mode": "managed",
      "type": "docker_container",
      "name": "zabbix-server-mysql",
      "provider": "provider[\"registry.opentofu.org/kreuzwerker/docker\"]",
      "instances": [
        {
          "schema_version": 2,
          "attributes": {
            "attach": false,
            "bridge": "",
            "capabilities": [],
            "cgroupns_mode": null,
            "command": [
              "/usr/sbin/zabbix_server",
              "--foreground",
              "-c",
              "/etc/zabbix/zabbix_server.conf"
            ],
            "container_logs": null,
            "container_read_refresh_timeout_milliseconds": 15000,
            "cpu_set": "",
            "cpu_shares": 0,
            "destroy_grace_seconds": null,
            "devices": [],
            "dns": null,
            "dns_opts": null,
            "dns_search": null,
            "domainname": "",
            "entrypoint": [
              "/usr/bin/tini",
              "--",
              "/usr/bin/docker-entrypoint.sh"
            ],
            "env": [
              "DB_SERVER_HOST=192.168.10.10",
              "MYSQL_DATABASE=zabbix",
              "MYSQL_PASSWORD=zabbix",
              "MYSQL_ROOT_PASSWORD=root_password",
              "MYSQL_USER=zabbix"
            ],
            "exit_code": null,
            "gpus": null,
            "group_add": null,
            "healthcheck": null,
            "host": [],
            "hostname": "2e55f360d936",
            "id": "2e55f360d936f60343d46c6b0b93fea2fa82a2b1c5c774f008665e164941f4cc",
            "image": "sha256:86fa158de5d65abc9a64ffcd32b765b3d5928fdf724bcee59419cd435995b960",
            "init": false,
            "ipc_mode": "private",
            "labels": [],
            "log_driver": "json-file",
            "log_opts": null,
            "logs": false,
            "max_retry_count": 0,
            "memory": 0,
            "memory_swap": 0,
            "mounts": [],
            "must_run": true,
            "name": "zabbix-server-mysql",
            "network_data": [
              {
                "gateway": "192.168.10.1",
                "global_ipv6_address": "",
                "global_ipv6_prefix_length": 0,
                "ip_address": "192.168.10.20",
                "ip_prefix_length": 24,
                "ipv6_gateway": "",
                "mac_address": "02:42:c0:a8:0a:14",
                "network_name": "custom_network"
              },
              {
                "gateway": "192.168.122.1",
                "global_ipv6_address": "",
                "global_ipv6_prefix_length": 0,
                "ip_address": "192.168.122.2",
                "ip_prefix_length": 24,
                "ipv6_gateway": "",
                "mac_address": "02:42:c0:a8:7a:02",
                "network_name": "osef"
              }
            ],
            "network_mode": "default",
            "networks_advanced": [
              {
                "aliases": [],
                "ipv4_address": "",
                "ipv6_address": "",
                "name": "osef"
              },
              {
                "aliases": [],
                "ipv4_address": "192.168.10.20",
                "ipv6_address": "",
                "name": "custom_network"
              }
            ],
            "pid_mode": "",
            "ports": [
              {
                "external": 10050,
                "internal": 10050,
                "ip": "0.0.0.0",
                "protocol": "tcp"
              },
              {
                "external": 10051,
                "internal": 10051,
                "ip": "0.0.0.0",
                "protocol": "tcp"
              }
            ],
            "privileged": false,
            "publish_all_ports": false,
            "read_only": false,
            "remove_volumes": true,
            "restart": "no",
            "rm": false,
            "runtime": "runc",
            "security_opts": [],
            "shm_size": 64,
            "start": true,
            "stdin_open": false,
            "stop_signal": "SIGTERM",
            "stop_timeout": 0,
            "storage_opts": null,
            "sysctls": null,
            "tmpfs": null,
            "tty": false,
            "ulimit": [],
            "upload": [],
            "user": "1997",
            "userns_mode": "",
            "volumes": [],
            "wait": false,
            "wait_timeout": 60,
            "working_dir": "/var/lib/zabbix"
          },
          "sensitive_attributes": [],
          "private": "eyJzY2hlbWFfdmVyc2lvbiI6IjIifQ==",
          "dependencies": [
            "docker_container.mysql",
            "docker_image.mysql",
            "docker_image.zabbix-server-mysql",
            "docker_network.custom_network",
            "docker_network.libvirt_network"
          ]
        }
      ]
    },
    {
      "mode": "managed",
      "type": "docker_container",
      "name": "zabbix-web-apache-mysql",
      "provider": "provider[\"registry.opentofu.org/kreuzwerker/docker\"]",
      "instances": [
        {
          "schema_version": 2,
          "attributes": {
            "attach": false,
            "bridge": "",
            "capabilities": [],
            "cgroupns_mode": null,
            "command": [
              "/usr/sbin/apache2ctl",
              "-D",
              "FOREGROUND"
            ],
            "container_logs": null,
            "container_read_refresh_timeout_milliseconds": 15000,
            "cpu_set": "",
            "cpu_shares": 0,
            "destroy_grace_seconds": null,
            "devices": [],
            "dns": null,
            "dns_opts": null,
            "dns_search": null,
            "domainname": "",
            "entrypoint": [
              "docker-entrypoint.sh"
            ],
            "env": [
              "DB_SERVER_HOST=192.168.10.10",
              "MYSQL_DATABASE=zabbix",
              "MYSQL_PASSWORD=zabbix",
              "MYSQL_USER=zabbix",
              "ZBX_SERVER_HOST=192.168.10.20"
            ],
            "exit_code": null,
            "gpus": null,
            "group_add": null,
            "healthcheck": null,
            "host": [],
            "hostname": "60f412f8389b",
            "id": "60f412f8389b182da71a11beebc9d4e1ba04e27d7d92b9e9d97945822083aaab",
            "image": "sha256:24cfebad49d5272351a5de5619057762f118397e1d5fd5f29d0c2ecc4470a694",
            "init": false,
            "ipc_mode": "private",
            "labels": [],
            "log_driver": "json-file",
            "log_opts": null,
            "logs": false,
            "max_retry_count": 0,
            "memory": 0,
            "memory_swap": 0,
            "mounts": [],
            "must_run": true,
            "name": "zabbix-web-apache-mysql",
            "network_data": [
              {
                "gateway": "192.168.10.1",
                "global_ipv6_address": "",
                "global_ipv6_prefix_length": 0,
                "ip_address": "192.168.10.21",
                "ip_prefix_length": 24,
                "ipv6_gateway": "",
                "mac_address": "02:42:c0:a8:0a:15",
                "network_name": "custom_network"
              }
            ],
            "network_mode": "default",
            "networks_advanced": [
              {
                "aliases": [],
                "ipv4_address": "192.168.10.21",
                "ipv6_address": "",
                "name": "custom_network"
              }
            ],
            "pid_mode": "",
            "ports": [
              {
                "external": 8080,
                "internal": 8080,
                "ip": "0.0.0.0",
                "protocol": "tcp"
              }
            ],
            "privileged": false,
            "publish_all_ports": false,
            "read_only": false,
            "remove_volumes": true,
            "restart": "no",
            "rm": false,
            "runtime": "runc",
            "security_opts": [],
            "shm_size": 64,
            "start": true,
            "stdin_open": false,
            "stop_signal": "SIGTERM",
            "stop_timeout": 0,
            "storage_opts": null,
            "sysctls": null,
            "tmpfs": null,
            "tty": false,
            "ulimit": [],
            "upload": [],
            "user": "1997",
            "userns_mode": "",
            "volumes": [],
            "wait": false,
            "wait_timeout": 60,
            "working_dir": "/usr/share/zabbix"
          },
          "sensitive_attributes": [],
          "private": "eyJzY2hlbWFfdmVyc2lvbiI6IjIifQ==",
          "dependencies": [
            "docker_container.mysql",
            "docker_container.zabbix-server-mysql",
            "docker_image.mysql",
            "docker_image.zabbix-server-mysql",
            "docker_image.zabbix-web-apache-mysql",
            "docker_network.custom_network",
            "docker_network.libvirt_network"
          ]
        }
      ]
    },
    {
      "mode": "managed",
      "type": "docker_image",
      "name": "mysql",
      "provider": "provider[\"registry.opentofu.org/kreuzwerker/docker\"]",
      "instances": [
        {
          "schema_version": 0,
          "attributes": {
            "build": [],
            "force_remove": null,
            "id": "sha256:dbaea59d1b4194257138a6434ec0820a13097dd7e900135e78daf9759fe2407amysql:8.0.30",
            "image_id": "sha256:dbaea59d1b4194257138a6434ec0820a13097dd7e900135e78daf9759fe2407a",
            "keep_locally": null,
            "name": "mysql:8.0.30",
            "platform": null,
            "pull_triggers": null,
            "repo_digest": "mysql@sha256:3c1aab708f6e57fc4dccafe36baccc7219acfb4ec450f3fb6d370ea89409e906",
            "triggers": null
          },
          "sensitive_attributes": [],
          "private": "bnVsbA=="
        }
      ]
    },
    {
      "mode": "managed",
      "type": "docker_image",
      "name": "zabbix-server-mysql",
      "provider": "provider[\"registry.opentofu.org/kreuzwerker/docker\"]",
      "instances": [
        {
          "schema_version": 0,
          "attributes": {
            "build": [],
            "force_remove": null,
            "id": "sha256:86fa158de5d65abc9a64ffcd32b765b3d5928fdf724bcee59419cd435995b960zabbix/zabbix-server-mysql:ubuntu-6.4-latest",
            "image_id": "sha256:86fa158de5d65abc9a64ffcd32b765b3d5928fdf724bcee59419cd435995b960",
            "keep_locally": null,
            "name": "zabbix/zabbix-server-mysql:ubuntu-6.4-latest",
            "platform": null,
            "pull_triggers": null,
            "repo_digest": "zabbix/zabbix-server-mysql@sha256:def303c4ec06601b34b4429879417300721b31b90dadce55ebf95581c4be36fb",
            "triggers": null
          },
          "sensitive_attributes": [],
          "private": "bnVsbA=="
        }
      ]
    },
    {
      "mode": "managed",
      "type": "docker_image",
      "name": "zabbix-web-apache-mysql",
      "provider": "provider[\"registry.opentofu.org/kreuzwerker/docker\"]",
      "instances": [
        {
          "schema_version": 0,
          "attributes": {
            "build": [],
            "force_remove": null,
            "id": "sha256:24cfebad49d5272351a5de5619057762f118397e1d5fd5f29d0c2ecc4470a694zabbix/zabbix-web-apache-mysql:ubuntu-6.4-latest",
            "image_id": "sha256:24cfebad49d5272351a5de5619057762f118397e1d5fd5f29d0c2ecc4470a694",
            "keep_locally": null,
            "name": "zabbix/zabbix-web-apache-mysql:ubuntu-6.4-latest",
            "platform": null,
            "pull_triggers": null,
            "repo_digest": "zabbix/zabbix-web-apache-mysql@sha256:902c286b9b51d08d2da30587ba82ae5a328da652203f652045d32ad91fc046ad",
            "triggers": null
          },
          "sensitive_attributes": [],
          "private": "bnVsbA=="
        }
      ]
    },
    {
      "mode": "managed",
      "type": "docker_network",
      "name": "custom_network",
      "provider": "provider[\"registry.opentofu.org/kreuzwerker/docker\"]",
      "instances": [
        {
          "schema_version": 1,
          "attributes": {
            "attachable": false,
            "check_duplicate": null,
            "driver": "bridge",
            "id": "54fd6d4ff07f9944b469536823bd4342f7d2408c11cf9389fed395712dd375d8",
            "ingress": false,
            "internal": false,
            "ipam_config": [
              {
                "aux_address": {},
                "gateway": "",
                "ip_range": "",
                "subnet": "192.168.10.0/24"
              }
            ],
            "ipam_driver": "default",
            "ipam_options": {},
            "ipv6": false,
            "labels": [],
            "name": "custom_network",
            "options": {},
            "scope": "local"
          },
          "sensitive_attributes": [],
          "private": "eyJzY2hlbWFfdmVyc2lvbiI6IjEifQ=="
        }
      ]
    },
    {
      "mode": "managed",
      "type": "docker_network",
      "name": "libvirt_network",
      "provider": "provider[\"registry.opentofu.org/kreuzwerker/docker\"]",
      "instances": [
        {
          "schema_version": 1,
          "attributes": {
            "attachable": false,
            "check_duplicate": null,
            "driver": "macvlan",
            "id": "ecfd99f96013a9ec9ebe5773165b8dd9449f0c47979b4910671b2aebd21f83d9",
            "ingress": false,
            "internal": false,
            "ipam_config": [
              {
                "aux_address": {},
                "gateway": "",
                "ip_range": "",
                "subnet": "192.168.122.0/24"
              }
            ],
            "ipam_driver": "default",
            "ipam_options": {},
            "ipv6": false,
            "labels": [],
            "name": "osef",
            "options": {
              "parent": "virbr0"
            },
            "scope": "local"
          },
          "sensitive_attributes": [],
          "private": "eyJzY2hlbWFfdmVyc2lvbiI6IjEifQ=="
        }
      ]
    },
    {
      "mode": "managed",
      "type": "libvirt_cloudinit_disk",
      "name": "init_rhel",
      "provider": "provider[\"registry.opentofu.org/dmacvicar/libvirt\"]",
      "instances": [
        {
          "schema_version": 0,
          "attributes": {
            "id": "/var/lib/libvirt/images/init_rhel.iso;66fe4cbc-65fd-4651-8703-937753050d07",
            "meta_data": "",
            "name": "init_rhel.iso",
            "network_config": "",
            "pool": "default",
            "user_data": "#cloud-config\nusers:\n  - name: admin\n    sudo: ['ALL=(ALL) NOPASSWD:ALL']\n    groups: sudo\n    home: /home/admin\n    shell: /bin/bash\n    ssh-authorized-keys:\n      - ssh-ed25519 AAAAC3NzaC1lZDI1NTE5AAAAIG9XZCAQYuV1Ux5s1NPCTsgIfW0t7ZUqb/6KYJklek3o quentin.sirjean@le-campus-numerique.fr\n    "
          },
          "sensitive_attributes": [],
          "private": "bnVsbA==",
          "dependencies": [
            "data.template_file.user_data_rocky"
          ]
        }
      ]
    },
    {
      "mode": "managed",
      "type": "libvirt_cloudinit_disk",
      "name": "init_ubuntu",
      "provider": "provider[\"registry.opentofu.org/dmacvicar/libvirt\"]",
      "instances": [
        {
          "schema_version": 0,
          "attributes": {
            "id": "/var/lib/libvirt/images/init_ubuntu.iso;be530fc9-946d-4831-b9cb-9939e512f2ee",
            "meta_data": "",
            "name": "init_ubuntu.iso",
            "network_config": "",
            "pool": "default",
            "user_data": "#cloud-config\nhostname: change\nusers:\n  - name: ubuntu\n    sudo: ['ALL=(ALL) NOPASSWD:ALL']\n    groups: sudo\n    home: /home/ubuntu\n    shell: /bin/bash\n    ssh-authorized-keys:\n      - ssh-ed25519 AAAAC3NzaC1lZDI1NTE5AAAAIG9XZCAQYuV1Ux5s1NPCTsgIfW0t7ZUqb/6KYJklek3o quentin.sirjean@le-campus-numerique.fr\n    "
          },
          "sensitive_attributes": [],
          "private": "bnVsbA==",
          "dependencies": [
            "data.template_file.user_data_ubuntu"
          ]
        }
      ]
    },
    {
      "mode": "managed",
      "type": "libvirt_domain",
      "name": "cms_server_rocky",
      "provider": "provider[\"registry.opentofu.org/dmacvicar/libvirt\"]",
      "instances": [
        {
          "schema_version": 0,
          "attributes": {
            "arch": "x86_64",
            "autostart": false,
            "boot_device": [],
            "cloudinit": "/var/lib/libvirt/images/init_rhel.iso;66fe4cbc-65fd-4651-8703-937753050d07",
            "cmdline": [],
            "console": [
              {
                "source_host": "127.0.0.1",
                "source_path": "",
                "source_service": "0",
                "target_port": "0",
                "target_type": "serial",
                "type": "pty"
              }
            ],
            "coreos_ignition": null,
            "cpu": [
              {
                "mode": "host-passthrough"
              }
            ],
            "description": "",
            "disk": [
              {
                "block_device": "",
                "file": "",
                "scsi": false,
                "url": "",
                "volume_id": "/var/lib/libvirt/images/cms_server_rocky-qcow2",
                "wwn": ""
              }
            ],
            "emulator": "/usr/bin/qemu-system-x86_64",
            "filesystem": [],
            "firmware": null,
            "fw_cfg_name": "opt/com.coreos/config",
            "graphics": [
              {
                "autoport": true,
                "listen_address": "127.0.0.1",
                "listen_type": "none",
                "type": "spice",
                "websocket": 0
              }
            ],
            "id": "3d03a90b-5a42-4739-93f8-ea5212849148",
            "initrd": "",
            "kernel": "",
            "machine": "ubuntu",
            "memory": 2048,
            "metadata": null,
            "name": "cms_server_rocky",
            "network_interface": [
              {
                "addresses": [
                  "192.168.122.216"
                ],
                "bridge": "",
                "hostname": "cms_server_rocky",
                "mac": "52:54:00:02:9F:29",
                "macvtap": "",
                "network_id": "b844d021-25ac-406a-8d91-7446e39c2f10",
                "network_name": "default",
                "passthrough": "",
                "vepa": "",
                "wait_for_lease": true
              }
            ],
            "nvram": [],
            "qemu_agent": false,
            "running": true,
            "timeouts": null,
            "tpm": [],
            "type": "kvm",
            "vcpu": 2,
            "video": [],
            "xml": []
          },
          "sensitive_attributes": [],
          "private": "eyJlMmJmYjczMC1lY2FhLTExZTYtOGY4OC0zNDM2M2JjN2M0YzAiOnsiY3JlYXRlIjozMDAwMDAwMDAwMDB9fQ==",
          "dependencies": [
            "data.template_file.user_data_rocky",
            "libvirt_cloudinit_disk.init_rhel",
            "libvirt_volume.cms_server_rocky-qcow2"
          ]
        }
      ]
    },
    {
      "mode": "managed",
      "type": "libvirt_domain",
      "name": "cms_server_ubuntu",
      "provider": "provider[\"registry.opentofu.org/dmacvicar/libvirt\"]",
      "instances": [
        {
          "schema_version": 0,
          "attributes": {
            "arch": "x86_64",
            "autostart": false,
            "boot_device": [],
            "cloudinit": "/var/lib/libvirt/images/init_ubuntu.iso;be530fc9-946d-4831-b9cb-9939e512f2ee",
            "cmdline": [],
            "console": [
              {
                "source_host": "127.0.0.1",
                "source_path": "",
                "source_service": "0",
                "target_port": "0",
                "target_type": "serial",
                "type": "pty"
              }
            ],
            "coreos_ignition": null,
            "cpu": [
              {
                "mode": "custom"
              }
            ],
            "description": "",
            "disk": [
              {
                "block_device": "",
                "file": "",
                "scsi": false,
                "url": "",
                "volume_id": "/var/lib/libvirt/images/cms_server_ubuntu-qcow2",
                "wwn": ""
              }
            ],
            "emulator": "/usr/bin/qemu-system-x86_64",
            "filesystem": [],
            "firmware": null,
            "fw_cfg_name": "opt/com.coreos/config",
            "graphics": [
              {
                "autoport": true,
                "listen_address": "127.0.0.1",
                "listen_type": "none",
                "type": "spice",
                "websocket": 0
              }
            ],
            "id": "0498e5a8-dbbe-4af2-9336-6578a5899cc9",
            "initrd": "",
            "kernel": "",
            "machine": "ubuntu",
            "memory": 2048,
            "metadata": null,
            "name": "cms_server_ubuntu",
            "network_interface": [
              {
                "addresses": [
                  "192.168.122.105"
                ],
                "bridge": "",
                "hostname": "cms_server_ubuntu",
                "mac": "52:54:00:9E:15:7A",
                "macvtap": "",
                "network_id": "b844d021-25ac-406a-8d91-7446e39c2f10",
                "network_name": "default",
                "passthrough": "",
                "vepa": "",
                "wait_for_lease": true
              }
            ],
            "nvram": [],
            "qemu_agent": false,
            "running": true,
            "timeouts": null,
            "tpm": [],
            "type": "kvm",
            "vcpu": 2,
            "video": [],
            "xml": []
          },
          "sensitive_attributes": [],
          "private": "eyJlMmJmYjczMC1lY2FhLTExZTYtOGY4OC0zNDM2M2JjN2M0YzAiOnsiY3JlYXRlIjozMDAwMDAwMDAwMDB9fQ==",
          "dependencies": [
            "data.template_file.user_data_ubuntu",
            "libvirt_cloudinit_disk.init_ubuntu",
            "libvirt_volume.cms_server_ubuntu-qcow2"
          ]
        }
      ]
    },
    {
      "mode": "managed",
      "type": "libvirt_volume",
      "name": "cms_server_rocky-qcow2",
      "provider": "provider[\"registry.opentofu.org/dmacvicar/libvirt\"]",
      "instances": [
        {
          "schema_version": 0,
          "attributes": {
            "base_volume_id": null,
            "base_volume_name": null,
            "base_volume_pool": null,
            "format": "qcow2",
            "id": "/var/lib/libvirt/images/cms_server_rocky-qcow2",
            "name": "cms_server_rocky-qcow2",
            "pool": "default",
            "size": 21474836480,
            "source": "/home/quentin.sirjean@Digital-Grenoble.local/Downloads/Rocky-9-GenericCloud-Base.latest.x86_64.qcow2",
            "xml": []
          },
          "sensitive_attributes": [],
          "private": "bnVsbA=="
        }
      ]
    },
    {
      "mode": "managed",
      "type": "libvirt_volume",
      "name": "cms_server_ubuntu-qcow2",
      "provider": "provider[\"registry.opentofu.org/dmacvicar/libvirt\"]",
      "instances": [
        {
          "schema_version": 0,
          "attributes": {
            "base_volume_id": null,
            "base_volume_name": null,
            "base_volume_pool": null,
            "format": "qcow2",
            "id": "/var/lib/libvirt/images/cms_server_ubuntu-qcow2",
            "name": "cms_server_ubuntu-qcow2",
            "pool": "default",
            "size": 21688745984,
            "source": "/home/quentin.sirjean@Digital-Grenoble.local/Downloads/focal-server-cloudimg-amd64.img",
            "xml": []
          },
          "sensitive_attributes": [],
          "private": "bnVsbA=="
        }
      ]
    },
    {
      "mode": "managed",
      "type": "null_resource",
      "name": "ansible",
      "provider": "provider[\"registry.opentofu.org/hashicorp/null\"]",
      "instances": [
        {
          "schema_version": 0,
          "attributes": {
            "id": "8577750969602410376",
            "triggers": null
          },
          "sensitive_attributes": [],
          "dependencies": [
            "data.template_file.user_data_rocky",
            "data.template_file.user_data_ubuntu",
            "libvirt_cloudinit_disk.init_rhel",
            "libvirt_cloudinit_disk.init_ubuntu",
            "libvirt_domain.cms_server_rocky",
            "libvirt_domain.cms_server_ubuntu",
            "libvirt_volume.cms_server_rocky-qcow2",
            "libvirt_volume.cms_server_ubuntu-qcow2"
          ]
        }
      ]
    },
    {
      "mode": "managed",
      "type": "null_resource",
      "name": "ansible-zabbix",
      "provider": "provider[\"registry.opentofu.org/hashicorp/null\"]",
      "instances": [
        {
          "schema_version": 0,
          "attributes": {
            "id": "5880126823964247272",
            "triggers": {
              "always_run": "2024-07-12T12:01:57Z"
            }
          },
          "sensitive_attributes": [],
          "dependencies": [
            "data.template_file.user_data_rocky",
            "data.template_file.user_data_ubuntu",
            "docker_container.mysql",
            "docker_container.zabbix-server-mysql",
            "docker_container.zabbix-web-apache-mysql",
            "docker_image.mysql",
            "docker_image.zabbix-server-mysql",
            "docker_image.zabbix-web-apache-mysql",
            "docker_network.custom_network",
            "docker_network.libvirt_network",
            "libvirt_cloudinit_disk.init_rhel",
            "libvirt_cloudinit_disk.init_ubuntu",
            "libvirt_domain.cms_server_rocky",
            "libvirt_domain.cms_server_ubuntu",
            "libvirt_volume.cms_server_rocky-qcow2",
            "libvirt_volume.cms_server_ubuntu-qcow2",
            "null_resource.ansible"
          ]
        }
      ]
    },
    {
      "mode": "managed",
      "type": "null_resource",
      "name": "ansible_service",
      "provider": "provider[\"registry.opentofu.org/hashicorp/null\"]",
      "instances": [
        {
          "schema_version": 0,
          "attributes": {
            "id": "871813415742104947",
            "triggers": null
          },
          "sensitive_attributes": [],
          "dependencies": [
            "data.template_file.user_data_rocky",
            "data.template_file.user_data_ubuntu",
            "docker_container.mysql",
            "docker_container.zabbix-server-mysql",
            "docker_container.zabbix-web-apache-mysql",
            "docker_image.mysql",
            "docker_image.zabbix-server-mysql",
            "docker_image.zabbix-web-apache-mysql",
            "docker_network.custom_network",
            "docker_network.libvirt_network",
            "libvirt_cloudinit_disk.init_rhel",
            "libvirt_cloudinit_disk.init_ubuntu",
            "libvirt_domain.cms_server_rocky",
            "libvirt_domain.cms_server_ubuntu",
            "libvirt_volume.cms_server_rocky-qcow2",
            "libvirt_volume.cms_server_ubuntu-qcow2",
            "null_resource.ansible",
            "null_resource.ansible-zabbix"
          ]
        }
      ]
    },
    {
      "mode": "managed",
      "type": "null_resource",
      "name": "host_scripts",
      "provider": "provider[\"registry.opentofu.org/hashicorp/null\"]",
      "instances": [
        {
          "schema_version": 0,
          "attributes": {
            "id": "892995470767211444",
            "triggers": null
          },
          "sensitive_attributes": [],
          "dependencies": [
            "data.template_file.user_data_rocky",
            "data.template_file.user_data_ubuntu",
            "docker_container.mysql",
            "docker_container.zabbix-server-mysql",
            "docker_container.zabbix-web-apache-mysql",
            "docker_image.mysql",
            "docker_image.zabbix-server-mysql",
            "docker_image.zabbix-web-apache-mysql",
            "docker_network.custom_network",
            "docker_network.libvirt_network",
            "libvirt_cloudinit_disk.init_rhel",
            "libvirt_cloudinit_disk.init_ubuntu",
            "libvirt_domain.cms_server_rocky",
            "libvirt_domain.cms_server_ubuntu",
            "libvirt_volume.cms_server_rocky-qcow2",
            "libvirt_volume.cms_server_ubuntu-qcow2",
            "null_resource.ansible",
            "null_resource.ansible-zabbix",
            "null_resource.ansible_service"
          ]
        }
      ]
    }
  ],
  "check_results": null
}
